
Microsoft Visual Studio Solution File, Format Version 12.00
# Visual Studio Version 17
VisualStudioVersion = 17.9.34728.123
MinimumVisualStudioVersion = 10.0.40219.1
Project("{9A19103F-16F7-4668-BE54-9A1E7A4F7556}") = "fapi-back", "fapi-back\fapi-back.csproj", "{1169973A-7291-474B-AA9E-BB43F86FFA6E}"
EndProject
Project("{FAE04EC0-301F-11D3-BF4B-00C04F79EFBC}") = "fapi-back.Tests", "fapi-back.Tests\fapi-back.Tests.csproj", "{9DA55A0E-7E10-42A9-B1A3-D1C6F579C7FD}"
EndProject
Global
	GlobalSection(SolutionConfigurationPlatforms) = preSolution
		Debug|Any CPU = Debug|Any CPU
		Release|Any CPU = Release|Any CPU
	EndGlobalSection
	GlobalSection(ProjectConfigurationPlatforms) = postSolution
		{1169973A-7291-474B-AA9E-BB43F86FFA6E}.Debug|Any CPU.ActiveCfg = Debug|Any CPU
		{1169973A-7291-474B-AA9E-BB43F86FFA6E}.Debug|Any CPU.Build.0 = Debug|Any CPU
		{1169973A-7291-474B-AA9E-BB43F86FFA6E}.Release|Any CPU.ActiveCfg = Release|Any CPU
		{1169973A-7291-474B-AA9E-BB43F86FFA6E}.Release|Any CPU.Build.0 = Release|Any CPU
		{9DA55A0E-7E10-42A9-B1A3-D1C6F579C7FD}.Debug|Any CPU.ActiveCfg = Debug|Any CPU
		{9DA55A0E-7E10-42A9-B1A3-D1C6F579C7FD}.Debug|Any CPU.Build.0 = Debug|Any CPU
		{9DA55A0E-7E10-42A9-B1A3-D1C6F579C7FD}.Release|Any CPU.ActiveCfg = Release|Any CPU
		{9DA55A0E-7E10-42A9-B1A3-D1C6F579C7FD}.Release|Any CPU.Build.0 = Release|Any CPU
	EndGlobalSection
	GlobalSection(SolutionProperties) = preSolution
		HideSolutionNode = FALSE
	EndGlobalSection
	GlobalSection(ExtensibilityGlobals) = postSolution
		SolutionGuid = {7D4D8A3B-6037-496B-A183-E021F8C70CD1}
	EndGlobalSection
EndGlobal
